
Microsoft Visual Studio Solution File, Format Version 12.00
Project("{FAE04EC0-301F-11D3-BF4B-00C04F79EFBC}") = "2 OOP", "2 OOP\2 OOP.csproj", "{354110BC-3A7A-4B13-B095-FA67225A6818}"
EndProject
Global
	GlobalSection(SolutionConfigurationPlatforms) = preSolution
		Debug|Any CPU = Debug|Any CPU
		Release|Any CPU = Release|Any CPU
	EndGlobalSection
	GlobalSection(ProjectConfigurationPlatforms) = postSolution
		{354110BC-3A7A-4B13-B095-FA67225A6818}.Debug|Any CPU.ActiveCfg = Debug|Any CPU
		{354110BC-3A7A-4B13-B095-FA67225A6818}.Debug|Any CPU.Build.0 = Debug|Any CPU
		{354110BC-3A7A-4B13-B095-FA67225A6818}.Release|Any CPU.ActiveCfg = Release|Any CPU
		{354110BC-3A7A-4B13-B095-FA67225A6818}.Release|Any CPU.Build.0 = Release|Any CPU
	EndGlobalSection
EndGlobal
